PODS:
  - Firebase/AdMob (5.20.2):
    - Firebase/Core
    - Google-Mobile-Ads-SDK (~> 7.42)
  - Firebase/Core (5.20.2):
    - Firebase/CoreOnly
    - FirebaseAnalytics (= 5.8.1)
  - Firebase/CoreOnly (5.20.2):
    - FirebaseCore (= 5.4.1)
  - FirebaseAnalytics (5.8.1):
    - FirebaseCore (~> 5.4)
    - FirebaseInstanceID (~> 3.8)
    - GoogleAppMeasurement (= 5.8.1)
    - GoogleUtilities/AppDelegateSwizzler (~> 5.2)
    - GoogleUtilities/MethodSwizzler (~> 5.2)
    - GoogleUtilities/Network (~> 5.2)
    - "GoogleUtilities/NSData+zlib (~> 5.2)"
    - nanopb (~> 0.3)
  - FirebaseCore (5.4.1):
    - GoogleUtilities/Environment (~> 5.2)
    - GoogleUtilities/Logger (~> 5.2)
  - FirebaseInstanceID (3.8.1):
    - FirebaseCore (~> 5.2)
    - GoogleUtilities/Environment (~> 5.2)
    - GoogleUtilities/UserDefaults (~> 5.2)
  - FontBlaster (4.1.0)
  - Google-Mobile-Ads-SDK (7.43.0):
    - GoogleAppMeasurement (~> 5.7)
  - GoogleAppMeasurement (5.8.1):
    - GoogleUtilities/AppDelegateSwizzler (~> 5.2)
    - GoogleUtilities/MethodSwizzler (~> 5.2)
    - GoogleUtilities/Network (~> 5.2)
    - "GoogleUtilities/NSData+zlib (~> 5.2)"
    - nanopb (~> 0.3)
  - GoogleUtilities/AppDelegateSwizzler (5.8.0):
    - GoogleUtilities/Environment
    - GoogleUtilities/Logger
    - GoogleUtilities/Network
  - GoogleUtilities/Environment (5.8.0)
  - GoogleUtilities/Logger (5.8.0):
    - GoogleUtilities/Environment
  - GoogleUtilities/MethodSwizzler (5.8.0):
    - GoogleUtilities/Logger
  - GoogleUtilities/Network (5.8.0):
    - GoogleUtilities/Logger
    - "GoogleUtilities/NSData+zlib"
    - GoogleUtilities/Reachability
  - "GoogleUtilities/NSData+zlib (5.8.0)"
  - GoogleUtilities/Reachability (5.8.0):
    - GoogleUtilities/Logger
  - GoogleUtilities/UserDefaults (5.8.0):
    - GoogleUtilities/Logger
  - MGLandingKit (0.1.5):
    - Firebase/AdMob
    - Firebase/Core
    - SDWebImage (~> 4.0)
    - SnapKit (~> 5.0.0)
  - MGTemplateKit (0.1.8):
    - FontBlaster
    - UIColor_Hex_Swift (~> 4.2.0)
  - nanopb (0.3.901):
    - nanopb/decode (= 0.3.901)
    - nanopb/encode (= 0.3.901)
  - nanopb/decode (0.3.901)
  - nanopb/encode (0.3.901)
  - SDWebImage (4.4.6):
    - SDWebImage/Core (= 4.4.6)
  - SDWebImage/Core (4.4.6)
  - SnapKit (5.0.0)
  - UIColor_Hex_Swift (4.2.0)

DEPENDENCIES:
  - Firebase/AdMob
  - Firebase/Core
  - MGLandingKit (from `../`)
  - "MGTemplateKit (from `https://haraldbregu:4a4d1162147e80549f22cafb59060bdf59c4934a@github.com/HaraldBregu/MGTemplateKit.git`)"
  - SDWebImage (~> 4.0)
  - SnapKit (~> 5.0.0)

SPEC REPOS:
  https://github.com/cocoapods/specs.git:
    - Firebase
    - FirebaseAnalytics
    - FirebaseCore
    - FirebaseInstanceID
    - FontBlaster
    - Google-Mobile-Ads-SDK
    - GoogleAppMeasurement
    - GoogleUtilities
    - nanopb
    - SDWebImage
    - SnapKit
    - UIColor_Hex_Swift

EXTERNAL SOURCES:
  MGLandingKit:
    :path: "../"
  MGTemplateKit:
    :git: "https://haraldbregu:4a4d1162147e80549f22cafb59060bdf59c4934a@github.com/HaraldBregu/MGTemplateKit.git"

CHECKOUT OPTIONS:
  MGTemplateKit:
    :commit: 714d770728041650e79f3dac73dca2699cd2cb6d
    :git: "https://haraldbregu:4a4d1162147e80549f22cafb59060bdf59c4934a@github.com/HaraldBregu/MGTemplateKit.git"

SPEC CHECKSUMS:
  Firebase: 0c8cf33f266410c61ab3e2265cfa412200351d9c
  FirebaseAnalytics: ece1aa57a4f43c64d53a648b5a5e05151aae947b
  FirebaseCore: f1a9a8be1aee4bf71a2fc0f4096df6788bdfda61
  FirebaseInstanceID: a122b0c258720cf250551bb2bedf48c699f80d90
  FontBlaster: 127aa66419478d1c62926c7fdb39841633344a45
  Google-Mobile-Ads-SDK: e911f5544fc6488f8372a183627a802c8bdb5e36
  GoogleAppMeasurement: ffe513e90551844a739e7bcbb1d2aca1c28a4338
  GoogleUtilities: 04fce34bcd5620c1ee76fb79172105c74a4df335
  MGLandingKit: b8b3f5b9f118cd29cc1ac22c37756145a9435734
  MGTemplateKit: 59eb00bb69ae7c313203351de312fab4894040d9
  nanopb: 2901f78ea1b7b4015c860c2fdd1ea2fee1a18d48
  SDWebImage: 3f3f0c02f09798048c47a5ed0a13f17b063572d8
  SnapKit: fd22d10eb9aff484d79a8724eab922c1ddf89bcf
  UIColor_Hex_Swift: bc07fc197421ee896b9ed6dcfa2054b7fbf75145

PODFILE CHECKSUM: 7b4154ad0e73e474c9afdaa0a5d88f0eaa030142

COCOAPODS: 1.6.1
